
Microsoft Visual Studio Solution File, Format Version 10.00
# Visual C++ Express 2008
Project("{8BC9CEB8-8B4A-11D0-8D11-00A0C91BC942}") = "Guptareplacesubstring", "Guptareplacesubstring\Guptareplacesubstring.vcproj", "{F3B41A77-1E45-438B-82BA-8E229E631C45}"
EndProject
Global
	GlobalSection(SolutionConfigurationPlatforms) = preSolution
		Debug|Win32 = Debug|Win32
		Release|Win32 = Release|Win32
	EndGlobalSection
	GlobalSection(ProjectConfigurationPlatforms) = postSolution
		{F3B41A77-1E45-438B-82BA-8E229E631C45}.Debug|Win32.ActiveCfg = Debug|Win32
		{F3B41A77-1E45-438B-82BA-8E229E631C45}.Debug|Win32.Build.0 = Debug|Win32
		{F3B41A77-1E45-438B-82BA-8E229E631C45}.Release|Win32.ActiveCfg = Release|Win32
		{F3B41A77-1E45-438B-82BA-8E229E631C45}.Release|Win32.Build.0 = Release|Win32
	EndGlobalSection
	GlobalSection(SolutionProperties) = preSolution
		HideSolutionNode = FALSE
	EndGlobalSection
EndGlobal
